
Microsoft Visual Studio Solution File, Format Version 12.00
Project("{FAE04EC0-301F-11D3-BF4B-00C04F79EFBC}") = "ServiceA", "ServiceA\ServiceA.csproj", "{C2E6BECF-F901-436F-8533-791CDA24A479}"
EndProject
Project("{FAE04EC0-301F-11D3-BF4B-00C04F79EFBC}") = "ServiceB", "ServiceB\ServiceB.csproj", "{DBA53EEE-E67C-4690-A697-3D38B82D59AE}"
EndProject
Project("{FAE04EC0-301F-11D3-BF4B-00C04F79EFBC}") = "MainService", "MainService\MainService.csproj", "{CF8F0E48-F690-46CB-BD36-6CDD09760D07}"
EndProject
Project("{2150E333-8FDC-42A3-9474-1A3956D46DE8}") = "Solution Items", "Solution Items", "{B93C57B0-CDDE-4E13-A367-2FC5633DDE2A}"
	ProjectSection(SolutionItems) = preProject
		docker-compose.yml = docker-compose.yml
	EndProjectSection
EndProject
Project("{2150E333-8FDC-42A3-9474-1A3956D46DE8}") = ".github", ".github", "{A91E5CD7-8AC9-4A09-996A-155E82E2A3DC}"
EndProject
Project("{2150E333-8FDC-42A3-9474-1A3956D46DE8}") = "worlflows", "worlflows", "{04051B9B-193C-48B6-8EA9-0654D39C9C72}"
EndProject
Global
	GlobalSection(SolutionConfigurationPlatforms) = preSolution
		Debug|Any CPU = Debug|Any CPU
		Release|Any CPU = Release|Any CPU
	EndGlobalSection
	GlobalSection(ProjectConfigurationPlatforms) = postSolution
		{C2E6BECF-F901-436F-8533-791CDA24A479}.Debug|Any CPU.ActiveCfg = Debug|Any CPU
		{C2E6BECF-F901-436F-8533-791CDA24A479}.Debug|Any CPU.Build.0 = Debug|Any CPU
		{C2E6BECF-F901-436F-8533-791CDA24A479}.Release|Any CPU.ActiveCfg = Release|Any CPU
		{C2E6BECF-F901-436F-8533-791CDA24A479}.Release|Any CPU.Build.0 = Release|Any CPU
		{DBA53EEE-E67C-4690-A697-3D38B82D59AE}.Debug|Any CPU.ActiveCfg = Debug|Any CPU
		{DBA53EEE-E67C-4690-A697-3D38B82D59AE}.Debug|Any CPU.Build.0 = Debug|Any CPU
		{DBA53EEE-E67C-4690-A697-3D38B82D59AE}.Release|Any CPU.ActiveCfg = Release|Any CPU
		{DBA53EEE-E67C-4690-A697-3D38B82D59AE}.Release|Any CPU.Build.0 = Release|Any CPU
		{CF8F0E48-F690-46CB-BD36-6CDD09760D07}.Debug|Any CPU.ActiveCfg = Debug|Any CPU
		{CF8F0E48-F690-46CB-BD36-6CDD09760D07}.Debug|Any CPU.Build.0 = Debug|Any CPU
		{CF8F0E48-F690-46CB-BD36-6CDD09760D07}.Release|Any CPU.ActiveCfg = Release|Any CPU
		{CF8F0E48-F690-46CB-BD36-6CDD09760D07}.Release|Any CPU.Build.0 = Release|Any CPU
	EndGlobalSection
	GlobalSection(NestedProjects) = preSolution
		{04051B9B-193C-48B6-8EA9-0654D39C9C72} = {A91E5CD7-8AC9-4A09-996A-155E82E2A3DC}
	EndGlobalSection
EndGlobal
